
Microsoft Visual Studio Solution File, Format Version 12.00
# Visual Studio Version 16
VisualStudioVersion = 16.0.29215.179
MinimumVisualStudioVersion = 10.0.40219.1
Project("{888888A0-9F3D-457C-B088-3A5042F75D52}") = "BMI Analyzer", "BMI Analyzer\BMI Analyzer.pyproj", "{F555C8E3-2D11-44FD-98FB-4F6E0BF14465}"
EndProject
Global
	GlobalSection(SolutionConfigurationPlatforms) = preSolution
		Debug|Any CPU = Debug|Any CPU
		Release|Any CPU = Release|Any CPU
	EndGlobalSection
	GlobalSection(ProjectConfigurationPlatforms) = postSolution
		{F555C8E3-2D11-44FD-98FB-4F6E0BF14465}.Debug|Any CPU.ActiveCfg = Debug|Any CPU
		{F555C8E3-2D11-44FD-98FB-4F6E0BF14465}.Release|Any CPU.ActiveCfg = Release|Any CPU
	EndGlobalSection
	GlobalSection(SolutionProperties) = preSolution
		HideSolutionNode = FALSE
	EndGlobalSection
	GlobalSection(ExtensibilityGlobals) = postSolution
		SolutionGuid = {1F1780D3-E25C-441C-A53F-87DC5F395858}
	EndGlobalSection
EndGlobal
