
Microsoft Visual Studio Solution File, Format Version 12.00
# Visual Studio Version 16
VisualStudioVersion = 16.0.29509.3
MinimumVisualStudioVersion = 10.0.40219.1
Project("{888888A0-9F3D-457C-B088-3A5042F75D52}") = "Rainfall", "Rainfall\Rainfall.pyproj", "{60A6734B-73D6-4642-871A-ACBA887EBDF5}"
EndProject
Global
	GlobalSection(SolutionConfigurationPlatforms) = preSolution
		Debug|Any CPU = Debug|Any CPU
		Release|Any CPU = Release|Any CPU
	EndGlobalSection
	GlobalSection(ProjectConfigurationPlatforms) = postSolution
		{60A6734B-73D6-4642-871A-ACBA887EBDF5}.Debug|Any CPU.ActiveCfg = Debug|Any CPU
		{60A6734B-73D6-4642-871A-ACBA887EBDF5}.Release|Any CPU.ActiveCfg = Release|Any CPU
	EndGlobalSection
	GlobalSection(SolutionProperties) = preSolution
		HideSolutionNode = FALSE
	EndGlobalSection
	GlobalSection(ExtensibilityGlobals) = postSolution
		SolutionGuid = {92784673-6BDD-471C-A359-A8910B374E33}
	EndGlobalSection
EndGlobal
