
Microsoft Visual Studio Solution File, Format Version 12.00
# Visual Studio Version 16
VisualStudioVersion = 16.0.29215.179
MinimumVisualStudioVersion = 10.0.40219.1
Project("{888888A0-9F3D-457C-B088-3A5042F75D52}") = "GradeAnalyzer", "GradeAnalyzer\GradeAnalyzer.pyproj", "{21A98B01-FB2F-4CBB-9AEF-BB8AB528E09F}"
EndProject
Global
	GlobalSection(SolutionConfigurationPlatforms) = preSolution
		Debug|Any CPU = Debug|Any CPU
		Release|Any CPU = Release|Any CPU
	EndGlobalSection
	GlobalSection(ProjectConfigurationPlatforms) = postSolution
		{21A98B01-FB2F-4CBB-9AEF-BB8AB528E09F}.Debug|Any CPU.ActiveCfg = Debug|Any CPU
		{21A98B01-FB2F-4CBB-9AEF-BB8AB528E09F}.Release|Any CPU.ActiveCfg = Release|Any CPU
	EndGlobalSection
	GlobalSection(SolutionProperties) = preSolution
		HideSolutionNode = FALSE
	EndGlobalSection
	GlobalSection(ExtensibilityGlobals) = postSolution
		SolutionGuid = {EDF20EB4-6109-4DCD-920F-8480760909FA}
	EndGlobalSection
EndGlobal
