
Microsoft Visual Studio Solution File, Format Version 12.00
# Visual Studio Version 16
VisualStudioVersion = 16.0.29215.179
MinimumVisualStudioVersion = 10.0.40219.1
Project("{888888A0-9F3D-457C-B088-3A5042F75D52}") = "Cromack_PlanetsTuples", "Cromack_PlanetsTuples\Cromack_PlanetsTuples.pyproj", "{37625D2F-3B80-4871-8868-34381D8B28D1}"
EndProject
Global
	GlobalSection(SolutionConfigurationPlatforms) = preSolution
		Debug|Any CPU = Debug|Any CPU
		Release|Any CPU = Release|Any CPU
	EndGlobalSection
	GlobalSection(ProjectConfigurationPlatforms) = postSolution
		{37625D2F-3B80-4871-8868-34381D8B28D1}.Debug|Any CPU.ActiveCfg = Debug|Any CPU
		{37625D2F-3B80-4871-8868-34381D8B28D1}.Release|Any CPU.ActiveCfg = Release|Any CPU
	EndGlobalSection
	GlobalSection(SolutionProperties) = preSolution
		HideSolutionNode = FALSE
	EndGlobalSection
	GlobalSection(ExtensibilityGlobals) = postSolution
		SolutionGuid = {B172F041-A231-4978-BD8A-545BCE4FECBE}
	EndGlobalSection
EndGlobal
